
Microsoft Visual Studio Solution File, Format Version 12.00
# Visual Studio Version 17
VisualStudioVersion = 17.13.35931.197 d17.13
MinimumVisualStudioVersion = 10.0.40219.1
Project("{FAE04EC0-301F-11D3-BF4B-00C04F79EFBC}") = "laba4", "laba4\laba4.csproj", "{39FB2A83-4098-47BE-87BB-67E8A53F4FFE}"
EndProject
Global
	GlobalSection(SolutionConfigurationPlatforms) = preSolution
		Debug|Any CPU = Debug|Any CPU
		Release|Any CPU = Release|Any CPU
	EndGlobalSection
	GlobalSection(ProjectConfigurationPlatforms) = postSolution
		{39FB2A83-4098-47BE-87BB-67E8A53F4FFE}.Debug|Any CPU.ActiveCfg = Debug|Any CPU
		{39FB2A83-4098-47BE-87BB-67E8A53F4FFE}.Debug|Any CPU.Build.0 = Debug|Any CPU
		{39FB2A83-4098-47BE-87BB-67E8A53F4FFE}.Release|Any CPU.ActiveCfg = Release|Any CPU
		{39FB2A83-4098-47BE-87BB-67E8A53F4FFE}.Release|Any CPU.Build.0 = Release|Any CPU
	EndGlobalSection
	GlobalSection(SolutionProperties) = preSolution
		HideSolutionNode = FALSE
	EndGlobalSection
	GlobalSection(ExtensibilityGlobals) = postSolution
		SolutionGuid = {58DDE423-6531-463B-824E-31A824EBE2E8}
	EndGlobalSection
EndGlobal
